
Microsoft Visual Studio Solution File, Format Version 12.00
# Visual Studio 15
VisualStudioVersion = 15.0.28010.2048
MinimumVisualStudioVersion = 10.0.40219.1
Project("{FAE04EC0-301F-11D3-BF4B-00C04F79EFBC}") = "PiZ", "PiZ\PiZ.csproj", "{3C4785A9-E1D3-4603-9514-386F7E34496A}"
EndProject
Project("{FAE04EC0-301F-11D3-BF4B-00C04F79EFBC}") = "PiZBoardModel", "PiZBoardModel\PiZBoardModel.csproj", "{261BFDBE-1070-43F0-A5E3-B3A1ECF05E93}"
EndProject
Global
	GlobalSection(SolutionConfigurationPlatforms) = preSolution
		Debug|Any CPU = Debug|Any CPU
		Release|Any CPU = Release|Any CPU
	EndGlobalSection
	GlobalSection(ProjectConfigurationPlatforms) = postSolution
		{3C4785A9-E1D3-4603-9514-386F7E34496A}.Debug|Any CPU.ActiveCfg = Debug|Any CPU
		{3C4785A9-E1D3-4603-9514-386F7E34496A}.Debug|Any CPU.Build.0 = Debug|Any CPU
		{3C4785A9-E1D3-4603-9514-386F7E34496A}.Release|Any CPU.ActiveCfg = Release|Any CPU
		{3C4785A9-E1D3-4603-9514-386F7E34496A}.Release|Any CPU.Build.0 = Release|Any CPU
		{261BFDBE-1070-43F0-A5E3-B3A1ECF05E93}.Debug|Any CPU.ActiveCfg = Debug|Any CPU
		{261BFDBE-1070-43F0-A5E3-B3A1ECF05E93}.Debug|Any CPU.Build.0 = Debug|Any CPU
		{261BFDBE-1070-43F0-A5E3-B3A1ECF05E93}.Release|Any CPU.ActiveCfg = Release|Any CPU
		{261BFDBE-1070-43F0-A5E3-B3A1ECF05E93}.Release|Any CPU.Build.0 = Release|Any CPU
	EndGlobalSection
	GlobalSection(SolutionProperties) = preSolution
		HideSolutionNode = FALSE
	EndGlobalSection
	GlobalSection(ExtensibilityGlobals) = postSolution
		SolutionGuid = {BC575556-0B02-4DBF-84DE-CF1551309C60}
	EndGlobalSection
EndGlobal
